
Microsoft Visual Studio Solution File, Format Version 12.00
# Visual Studio 15
VisualStudioVersion = 15.0.26124.0
MinimumVisualStudioVersion = 15.0.26124.0
Project("{FAE04EC0-301F-11D3-BF4B-00C04F79EFBC}") = "ProAgil.Api", "ProAgil.Api\ProAgil.Api.csproj", "{735F43DC-1FFE-4097-94FE-79FC15C53887}"
EndProject
Project("{FAE04EC0-301F-11D3-BF4B-00C04F79EFBC}") = "ProAgil.Repository", "ProAgil.Repository\ProAgil.Repository.csproj", "{DF41B06E-5E3C-4B87-9FB2-182998B041D7}"
EndProject
Project("{FAE04EC0-301F-11D3-BF4B-00C04F79EFBC}") = "ProAgil.Domain", "ProAgil.Domain\ProAgil.Domain.csproj", "{512C0B26-8D49-41D2-B703-E27CC0EC5BC5}"
EndProject
Global
	GlobalSection(SolutionConfigurationPlatforms) = preSolution
		Debug|Any CPU = Debug|Any CPU
		Debug|x64 = Debug|x64
		Debug|x86 = Debug|x86
		Release|Any CPU = Release|Any CPU
		Release|x64 = Release|x64
		Release|x86 = Release|x86
	EndGlobalSection
	GlobalSection(SolutionProperties) = preSolution
		HideSolutionNode = FALSE
	EndGlobalSection
	GlobalSection(ProjectConfigurationPlatforms) = postSolution
		{E5DC19D4-DB7B-4E28-98B2-0ECA79B78403}.Debug|Any CPU.ActiveCfg = Debug|Any CPU
		{E5DC19D4-DB7B-4E28-98B2-0ECA79B78403}.Debug|Any CPU.Build.0 = Debug|Any CPU
		{E5DC19D4-DB7B-4E28-98B2-0ECA79B78403}.Debug|x64.ActiveCfg = Debug|Any CPU
		{E5DC19D4-DB7B-4E28-98B2-0ECA79B78403}.Debug|x64.Build.0 = Debug|Any CPU
		{E5DC19D4-DB7B-4E28-98B2-0ECA79B78403}.Debug|x86.ActiveCfg = Debug|Any CPU
		{E5DC19D4-DB7B-4E28-98B2-0ECA79B78403}.Debug|x86.Build.0 = Debug|Any CPU
		{E5DC19D4-DB7B-4E28-98B2-0ECA79B78403}.Release|Any CPU.ActiveCfg = Release|Any CPU
		{E5DC19D4-DB7B-4E28-98B2-0ECA79B78403}.Release|Any CPU.Build.0 = Release|Any CPU
		{E5DC19D4-DB7B-4E28-98B2-0ECA79B78403}.Release|x64.ActiveCfg = Release|Any CPU
		{E5DC19D4-DB7B-4E28-98B2-0ECA79B78403}.Release|x64.Build.0 = Release|Any CPU
		{E5DC19D4-DB7B-4E28-98B2-0ECA79B78403}.Release|x86.ActiveCfg = Release|Any CPU
		{E5DC19D4-DB7B-4E28-98B2-0ECA79B78403}.Release|x86.Build.0 = Release|Any CPU
		{E96C8427-5F90-4C51-9FFD-32E437196D7E}.Debug|Any CPU.ActiveCfg = Debug|Any CPU
		{E96C8427-5F90-4C51-9FFD-32E437196D7E}.Debug|Any CPU.Build.0 = Debug|Any CPU
		{E96C8427-5F90-4C51-9FFD-32E437196D7E}.Debug|x64.ActiveCfg = Debug|Any CPU
		{E96C8427-5F90-4C51-9FFD-32E437196D7E}.Debug|x64.Build.0 = Debug|Any CPU
		{E96C8427-5F90-4C51-9FFD-32E437196D7E}.Debug|x86.ActiveCfg = Debug|Any CPU
		{E96C8427-5F90-4C51-9FFD-32E437196D7E}.Debug|x86.Build.0 = Debug|Any CPU
		{E96C8427-5F90-4C51-9FFD-32E437196D7E}.Release|Any CPU.ActiveCfg = Release|Any CPU
		{E96C8427-5F90-4C51-9FFD-32E437196D7E}.Release|Any CPU.Build.0 = Release|Any CPU
		{E96C8427-5F90-4C51-9FFD-32E437196D7E}.Release|x64.ActiveCfg = Release|Any CPU
		{E96C8427-5F90-4C51-9FFD-32E437196D7E}.Release|x64.Build.0 = Release|Any CPU
		{E96C8427-5F90-4C51-9FFD-32E437196D7E}.Release|x86.ActiveCfg = Release|Any CPU
		{E96C8427-5F90-4C51-9FFD-32E437196D7E}.Release|x86.Build.0 = Release|Any CPU
		{2E1B9B3A-C4E9-4822-A0AC-E5D442350096}.Debug|Any CPU.ActiveCfg = Debug|Any CPU
		{2E1B9B3A-C4E9-4822-A0AC-E5D442350096}.Debug|Any CPU.Build.0 = Debug|Any CPU
		{2E1B9B3A-C4E9-4822-A0AC-E5D442350096}.Debug|x64.ActiveCfg = Debug|Any CPU
		{2E1B9B3A-C4E9-4822-A0AC-E5D442350096}.Debug|x64.Build.0 = Debug|Any CPU
		{2E1B9B3A-C4E9-4822-A0AC-E5D442350096}.Debug|x86.ActiveCfg = Debug|Any CPU
		{2E1B9B3A-C4E9-4822-A0AC-E5D442350096}.Debug|x86.Build.0 = Debug|Any CPU
		{2E1B9B3A-C4E9-4822-A0AC-E5D442350096}.Release|Any CPU.ActiveCfg = Release|Any CPU
		{2E1B9B3A-C4E9-4822-A0AC-E5D442350096}.Release|Any CPU.Build.0 = Release|Any CPU
		{2E1B9B3A-C4E9-4822-A0AC-E5D442350096}.Release|x64.ActiveCfg = Release|Any CPU
		{2E1B9B3A-C4E9-4822-A0AC-E5D442350096}.Release|x64.Build.0 = Release|Any CPU
		{2E1B9B3A-C4E9-4822-A0AC-E5D442350096}.Release|x86.ActiveCfg = Release|Any CPU
		{2E1B9B3A-C4E9-4822-A0AC-E5D442350096}.Release|x86.Build.0 = Release|Any CPU
		{735F43DC-1FFE-4097-94FE-79FC15C53887}.Debug|Any CPU.ActiveCfg = Debug|Any CPU
		{735F43DC-1FFE-4097-94FE-79FC15C53887}.Debug|Any CPU.Build.0 = Debug|Any CPU
		{735F43DC-1FFE-4097-94FE-79FC15C53887}.Debug|x64.ActiveCfg = Debug|Any CPU
		{735F43DC-1FFE-4097-94FE-79FC15C53887}.Debug|x64.Build.0 = Debug|Any CPU
		{735F43DC-1FFE-4097-94FE-79FC15C53887}.Debug|x86.ActiveCfg = Debug|Any CPU
		{735F43DC-1FFE-4097-94FE-79FC15C53887}.Debug|x86.Build.0 = Debug|Any CPU
		{735F43DC-1FFE-4097-94FE-79FC15C53887}.Release|Any CPU.ActiveCfg = Release|Any CPU
		{735F43DC-1FFE-4097-94FE-79FC15C53887}.Release|Any CPU.Build.0 = Release|Any CPU
		{735F43DC-1FFE-4097-94FE-79FC15C53887}.Release|x64.ActiveCfg = Release|Any CPU
		{735F43DC-1FFE-4097-94FE-79FC15C53887}.Release|x64.Build.0 = Release|Any CPU
		{735F43DC-1FFE-4097-94FE-79FC15C53887}.Release|x86.ActiveCfg = Release|Any CPU
		{735F43DC-1FFE-4097-94FE-79FC15C53887}.Release|x86.Build.0 = Release|Any CPU
		{DF41B06E-5E3C-4B87-9FB2-182998B041D7}.Debug|Any CPU.ActiveCfg = Debug|Any CPU
		{DF41B06E-5E3C-4B87-9FB2-182998B041D7}.Debug|Any CPU.Build.0 = Debug|Any CPU
		{DF41B06E-5E3C-4B87-9FB2-182998B041D7}.Debug|x64.ActiveCfg = Debug|Any CPU
		{DF41B06E-5E3C-4B87-9FB2-182998B041D7}.Debug|x64.Build.0 = Debug|Any CPU
		{DF41B06E-5E3C-4B87-9FB2-182998B041D7}.Debug|x86.ActiveCfg = Debug|Any CPU
		{DF41B06E-5E3C-4B87-9FB2-182998B041D7}.Debug|x86.Build.0 = Debug|Any CPU
		{DF41B06E-5E3C-4B87-9FB2-182998B041D7}.Release|Any CPU.ActiveCfg = Release|Any CPU
		{DF41B06E-5E3C-4B87-9FB2-182998B041D7}.Release|Any CPU.Build.0 = Release|Any CPU
		{DF41B06E-5E3C-4B87-9FB2-182998B041D7}.Release|x64.ActiveCfg = Release|Any CPU
		{DF41B06E-5E3C-4B87-9FB2-182998B041D7}.Release|x64.Build.0 = Release|Any CPU
		{DF41B06E-5E3C-4B87-9FB2-182998B041D7}.Release|x86.ActiveCfg = Release|Any CPU
		{DF41B06E-5E3C-4B87-9FB2-182998B041D7}.Release|x86.Build.0 = Release|Any CPU
		{512C0B26-8D49-41D2-B703-E27CC0EC5BC5}.Debug|Any CPU.ActiveCfg = Debug|Any CPU
		{512C0B26-8D49-41D2-B703-E27CC0EC5BC5}.Debug|Any CPU.Build.0 = Debug|Any CPU
		{512C0B26-8D49-41D2-B703-E27CC0EC5BC5}.Debug|x64.ActiveCfg = Debug|Any CPU
		{512C0B26-8D49-41D2-B703-E27CC0EC5BC5}.Debug|x64.Build.0 = Debug|Any CPU
		{512C0B26-8D49-41D2-B703-E27CC0EC5BC5}.Debug|x86.ActiveCfg = Debug|Any CPU
		{512C0B26-8D49-41D2-B703-E27CC0EC5BC5}.Debug|x86.Build.0 = Debug|Any CPU
		{512C0B26-8D49-41D2-B703-E27CC0EC5BC5}.Release|Any CPU.ActiveCfg = Release|Any CPU
		{512C0B26-8D49-41D2-B703-E27CC0EC5BC5}.Release|Any CPU.Build.0 = Release|Any CPU
		{512C0B26-8D49-41D2-B703-E27CC0EC5BC5}.Release|x64.ActiveCfg = Release|Any CPU
		{512C0B26-8D49-41D2-B703-E27CC0EC5BC5}.Release|x64.Build.0 = Release|Any CPU
		{512C0B26-8D49-41D2-B703-E27CC0EC5BC5}.Release|x86.ActiveCfg = Release|Any CPU
		{512C0B26-8D49-41D2-B703-E27CC0EC5BC5}.Release|x86.Build.0 = Release|Any CPU
	EndGlobalSection
EndGlobal
