{
  "requires": true,
  "lockfileVersion": 1,
  "dependencies": {
    "ngx-currency": {
      "version": "2.0.0",
      "resolved": "https://registry.npmjs.org/ngx-currency/-/ngx-currency-2.0.0.tgz",
      "integrity": "sha512-B5oZLrkSgnGGQ271TT4MoNvsDb3ATMDKPKHuDKNKvfqA9QQXVXl7HCWjQ/0WOep/alh6mpJYJI8xQkCk6TCP5g=="
    }
  }
}
